
Microsoft Visual Studio Solution File, Format Version 12.00
# Visual Studio Version 16
VisualStudioVersion = 25.0.1706.7
MinimumVisualStudioVersion = 10.0.40219.1
Project("{FAE04EC0-301F-11D3-BF4B-00C04F79EFBC}") = "SimpleCart", "OnlineStore\SimpleCart.csproj", "{B5505A28-CBA3-4A1B-88DE-13986F71C3F5}"
EndProject
Project("{FAE04EC0-301F-11D3-BF4B-00C04F79EFBC}") = "Homework4", "Homework4\Homework4.csproj", "{AAC090ED-6788-49AE-8275-CEC12CFAE6EC}"
EndProject
Project("{FAE04EC0-301F-11D3-BF4B-00C04F79EFBC}") = "Homework5", "Homework5\Homework5.csproj", "{68AE2C06-C5F3-43F6-82F7-A7EDB47E5CC4}"
EndProject
Project("{FAE04EC0-301F-11D3-BF4B-00C04F79EFBC}") = "Salad", "Salad\Salad.csproj", "{1615B269-B0B9-47C0-8099-E9B552C50C3C}"
EndProject
Global
	GlobalSection(SolutionConfigurationPlatforms) = preSolution
		Debug|Any CPU = Debug|Any CPU
		Release|Any CPU = Release|Any CPU
	EndGlobalSection
	GlobalSection(ProjectConfigurationPlatforms) = postSolution
		{B5505A28-CBA3-4A1B-88DE-13986F71C3F5}.Debug|Any CPU.ActiveCfg = Debug|Any CPU
		{B5505A28-CBA3-4A1B-88DE-13986F71C3F5}.Debug|Any CPU.Build.0 = Debug|Any CPU
		{B5505A28-CBA3-4A1B-88DE-13986F71C3F5}.Release|Any CPU.ActiveCfg = Release|Any CPU
		{B5505A28-CBA3-4A1B-88DE-13986F71C3F5}.Release|Any CPU.Build.0 = Release|Any CPU
		{F91DA89F-4B02-486C-91BA-C3266515191F}.Debug|Any CPU.ActiveCfg = Debug|Any CPU
		{F91DA89F-4B02-486C-91BA-C3266515191F}.Debug|Any CPU.Build.0 = Debug|Any CPU
		{F91DA89F-4B02-486C-91BA-C3266515191F}.Release|Any CPU.ActiveCfg = Release|Any CPU
		{F91DA89F-4B02-486C-91BA-C3266515191F}.Release|Any CPU.Build.0 = Release|Any CPU
		{AAC090ED-6788-49AE-8275-CEC12CFAE6EC}.Debug|Any CPU.ActiveCfg = Debug|Any CPU
		{AAC090ED-6788-49AE-8275-CEC12CFAE6EC}.Debug|Any CPU.Build.0 = Debug|Any CPU
		{AAC090ED-6788-49AE-8275-CEC12CFAE6EC}.Release|Any CPU.ActiveCfg = Release|Any CPU
		{AAC090ED-6788-49AE-8275-CEC12CFAE6EC}.Release|Any CPU.Build.0 = Release|Any CPU
		{68AE2C06-C5F3-43F6-82F7-A7EDB47E5CC4}.Debug|Any CPU.ActiveCfg = Debug|Any CPU
		{68AE2C06-C5F3-43F6-82F7-A7EDB47E5CC4}.Debug|Any CPU.Build.0 = Debug|Any CPU
		{68AE2C06-C5F3-43F6-82F7-A7EDB47E5CC4}.Release|Any CPU.ActiveCfg = Release|Any CPU
		{68AE2C06-C5F3-43F6-82F7-A7EDB47E5CC4}.Release|Any CPU.Build.0 = Release|Any CPU
		{1615B269-B0B9-47C0-8099-E9B552C50C3C}.Debug|Any CPU.ActiveCfg = Debug|Any CPU
		{1615B269-B0B9-47C0-8099-E9B552C50C3C}.Debug|Any CPU.Build.0 = Debug|Any CPU
		{1615B269-B0B9-47C0-8099-E9B552C50C3C}.Release|Any CPU.ActiveCfg = Release|Any CPU
		{1615B269-B0B9-47C0-8099-E9B552C50C3C}.Release|Any CPU.Build.0 = Release|Any CPU
	EndGlobalSection
	GlobalSection(SolutionProperties) = preSolution
		HideSolutionNode = FALSE
	EndGlobalSection
	GlobalSection(ExtensibilityGlobals) = postSolution
		SolutionGuid = {DB8A816D-2E38-4FDF-A4E7-F5DB067624D6}
	EndGlobalSection
EndGlobal
