
Microsoft Visual Studio Solution File, Format Version 12.00
# Visual Studio Version 16
VisualStudioVersion = 25.0.1706.7
MinimumVisualStudioVersion = 10.0.40219.1
Project("{FAE04EC0-301F-11D3-BF4B-00C04F79EFBC}") = "CandyGift", "CandyGift\CandyGift.csproj", "{BBBA15FC-1EC8-42E5-98FE-6AD12FAD54BF}"
EndProject
Project("{FAE04EC0-301F-11D3-BF4B-00C04F79EFBC}") = "Homework4", "Homework4\Homework4.csproj", "{AAC090ED-6788-49AE-8275-CEC12CFAE6EC}"
EndProject
Project("{FAE04EC0-301F-11D3-BF4B-00C04F79EFBC}") = "Homework5", "Homework5\Homework5.csproj", "{68AE2C06-C5F3-43F6-82F7-A7EDB47E5CC4}"
EndProject
Project("{FAE04EC0-301F-11D3-BF4B-00C04F79EFBC}") = "Logger", "Logger\Logger.csproj", "{BDAEA08C-1733-4038-8280-C478EA07969E}"
EndProject
Project("{FAE04EC0-301F-11D3-BF4B-00C04F79EFBC}") = "SimpleCart", "OnlineStore\SimpleCart.csproj", "{ADBD5B3F-9906-4DEC-9FB8-D172AD486740}"
EndProject
Project("{FAE04EC0-301F-11D3-BF4B-00C04F79EFBC}") = "ElectricalAppliances", "ElectricalAppliances\ElectricalAppliances.csproj", "{DE6D50C7-4A40-4FDA-84E4-279BF5F92743}"
EndProject
Project("{FAE04EC0-301F-11D3-BF4B-00C04F79EFBC}") = "Homework", "Homework\Homework.csproj", "{77050610-11A5-4A24-BF2B-7DE637E0515E}"
EndProject
Project("{FAE04EC0-301F-11D3-BF4B-00C04F79EFBC}") = "Salad", "Salad\Salad.csproj", "{0035064A-B104-4906-A6AB-A6806A63E13C}"
EndProject
Project("{FAE04EC0-301F-11D3-BF4B-00C04F79EFBC}") = "Contacts", "Contacts\Contacts.csproj", "{8AA04C18-ADB6-44C7-A183-F3B894918779}"
EndProject
Global
	GlobalSection(SolutionConfigurationPlatforms) = preSolution
		Debug|Any CPU = Debug|Any CPU
		Release|Any CPU = Release|Any CPU
	EndGlobalSection
	GlobalSection(ProjectConfigurationPlatforms) = postSolution
		{BBBA15FC-1EC8-42E5-98FE-6AD12FAD54BF}.Debug|Any CPU.ActiveCfg = Debug|Any CPU
		{BBBA15FC-1EC8-42E5-98FE-6AD12FAD54BF}.Debug|Any CPU.Build.0 = Debug|Any CPU
		{BBBA15FC-1EC8-42E5-98FE-6AD12FAD54BF}.Release|Any CPU.ActiveCfg = Release|Any CPU
		{BBBA15FC-1EC8-42E5-98FE-6AD12FAD54BF}.Release|Any CPU.Build.0 = Release|Any CPU
		{B5505A28-CBA3-4A1B-88DE-13986F71C3F5}.Debug|Any CPU.ActiveCfg = Debug|Any CPU
		{B5505A28-CBA3-4A1B-88DE-13986F71C3F5}.Debug|Any CPU.Build.0 = Debug|Any CPU
		{B5505A28-CBA3-4A1B-88DE-13986F71C3F5}.Release|Any CPU.ActiveCfg = Release|Any CPU
		{B5505A28-CBA3-4A1B-88DE-13986F71C3F5}.Release|Any CPU.Build.0 = Release|Any CPU
		{F91DA89F-4B02-486C-91BA-C3266515191F}.Debug|Any CPU.ActiveCfg = Debug|Any CPU
		{F91DA89F-4B02-486C-91BA-C3266515191F}.Debug|Any CPU.Build.0 = Debug|Any CPU
		{F91DA89F-4B02-486C-91BA-C3266515191F}.Release|Any CPU.ActiveCfg = Release|Any CPU
		{F91DA89F-4B02-486C-91BA-C3266515191F}.Release|Any CPU.Build.0 = Release|Any CPU
		{AAC090ED-6788-49AE-8275-CEC12CFAE6EC}.Debug|Any CPU.ActiveCfg = Debug|Any CPU
		{AAC090ED-6788-49AE-8275-CEC12CFAE6EC}.Debug|Any CPU.Build.0 = Debug|Any CPU
		{AAC090ED-6788-49AE-8275-CEC12CFAE6EC}.Release|Any CPU.ActiveCfg = Release|Any CPU
		{AAC090ED-6788-49AE-8275-CEC12CFAE6EC}.Release|Any CPU.Build.0 = Release|Any CPU
		{68AE2C06-C5F3-43F6-82F7-A7EDB47E5CC4}.Debug|Any CPU.ActiveCfg = Debug|Any CPU
		{68AE2C06-C5F3-43F6-82F7-A7EDB47E5CC4}.Debug|Any CPU.Build.0 = Debug|Any CPU
		{68AE2C06-C5F3-43F6-82F7-A7EDB47E5CC4}.Release|Any CPU.ActiveCfg = Release|Any CPU
		{68AE2C06-C5F3-43F6-82F7-A7EDB47E5CC4}.Release|Any CPU.Build.0 = Release|Any CPU
		{BDAEA08C-1733-4038-8280-C478EA07969E}.Debug|Any CPU.ActiveCfg = Debug|Any CPU
		{BDAEA08C-1733-4038-8280-C478EA07969E}.Debug|Any CPU.Build.0 = Debug|Any CPU
		{BDAEA08C-1733-4038-8280-C478EA07969E}.Release|Any CPU.ActiveCfg = Release|Any CPU
		{BDAEA08C-1733-4038-8280-C478EA07969E}.Release|Any CPU.Build.0 = Release|Any CPU
		{73F0E15D-1E21-4115-B37A-4D50ABDBF66E}.Debug|Any CPU.ActiveCfg = Debug|Any CPU
		{73F0E15D-1E21-4115-B37A-4D50ABDBF66E}.Debug|Any CPU.Build.0 = Debug|Any CPU
		{73F0E15D-1E21-4115-B37A-4D50ABDBF66E}.Release|Any CPU.ActiveCfg = Release|Any CPU
		{73F0E15D-1E21-4115-B37A-4D50ABDBF66E}.Release|Any CPU.Build.0 = Release|Any CPU
		{ADBD5B3F-9906-4DEC-9FB8-D172AD486740}.Debug|Any CPU.ActiveCfg = Debug|Any CPU
		{ADBD5B3F-9906-4DEC-9FB8-D172AD486740}.Debug|Any CPU.Build.0 = Debug|Any CPU
		{ADBD5B3F-9906-4DEC-9FB8-D172AD486740}.Release|Any CPU.ActiveCfg = Release|Any CPU
		{ADBD5B3F-9906-4DEC-9FB8-D172AD486740}.Release|Any CPU.Build.0 = Release|Any CPU
		{1615B269-B0B9-47C0-8099-E9B552C50C3C}.Debug|Any CPU.ActiveCfg = Debug|Any CPU
		{1615B269-B0B9-47C0-8099-E9B552C50C3C}.Debug|Any CPU.Build.0 = Debug|Any CPU
		{1615B269-B0B9-47C0-8099-E9B552C50C3C}.Release|Any CPU.ActiveCfg = Release|Any CPU
		{1615B269-B0B9-47C0-8099-E9B552C50C3C}.Release|Any CPU.Build.0 = Release|Any CPU
		{DE6D50C7-4A40-4FDA-84E4-279BF5F92743}.Debug|Any CPU.ActiveCfg = Debug|Any CPU
		{DE6D50C7-4A40-4FDA-84E4-279BF5F92743}.Debug|Any CPU.Build.0 = Debug|Any CPU
		{DE6D50C7-4A40-4FDA-84E4-279BF5F92743}.Release|Any CPU.ActiveCfg = Release|Any CPU
		{DE6D50C7-4A40-4FDA-84E4-279BF5F92743}.Release|Any CPU.Build.0 = Release|Any CPU
		{77050610-11A5-4A24-BF2B-7DE637E0515E}.Debug|Any CPU.ActiveCfg = Debug|Any CPU
		{77050610-11A5-4A24-BF2B-7DE637E0515E}.Debug|Any CPU.Build.0 = Debug|Any CPU
		{77050610-11A5-4A24-BF2B-7DE637E0515E}.Release|Any CPU.ActiveCfg = Release|Any CPU
		{77050610-11A5-4A24-BF2B-7DE637E0515E}.Release|Any CPU.Build.0 = Release|Any CPU
		{0035064A-B104-4906-A6AB-A6806A63E13C}.Debug|Any CPU.ActiveCfg = Debug|Any CPU
		{0035064A-B104-4906-A6AB-A6806A63E13C}.Debug|Any CPU.Build.0 = Debug|Any CPU
		{0035064A-B104-4906-A6AB-A6806A63E13C}.Release|Any CPU.ActiveCfg = Release|Any CPU
		{0035064A-B104-4906-A6AB-A6806A63E13C}.Release|Any CPU.Build.0 = Release|Any CPU
		{8AA04C18-ADB6-44C7-A183-F3B894918779}.Debug|Any CPU.ActiveCfg = Debug|Any CPU
		{8AA04C18-ADB6-44C7-A183-F3B894918779}.Debug|Any CPU.Build.0 = Debug|Any CPU
		{8AA04C18-ADB6-44C7-A183-F3B894918779}.Release|Any CPU.ActiveCfg = Release|Any CPU
		{8AA04C18-ADB6-44C7-A183-F3B894918779}.Release|Any CPU.Build.0 = Release|Any CPU
	EndGlobalSection
	GlobalSection(SolutionProperties) = preSolution
		HideSolutionNode = FALSE
	EndGlobalSection
	GlobalSection(ExtensibilityGlobals) = postSolution
		SolutionGuid = {DB8A816D-2E38-4FDF-A4E7-F5DB067624D6}
	EndGlobalSection
	GlobalSection(NestedProjects) = preSolution
	EndGlobalSection
EndGlobal
