
Microsoft Visual Studio Solution File, Format Version 12.00
# Visual Studio Version 16
VisualStudioVersion = 25.0.1706.7
MinimumVisualStudioVersion = 10.0.40219.1
Project("{FAE04EC0-301F-11D3-BF4B-00C04F79EFBC}") = "Homework4", "Homework4.csproj", "{87CD6EEB-4463-4627-950D-CD296089FF4D}"
EndProject
Global
	GlobalSection(SolutionConfigurationPlatforms) = preSolution
		Debug|Any CPU = Debug|Any CPU
		Release|Any CPU = Release|Any CPU
	EndGlobalSection
	GlobalSection(ProjectConfigurationPlatforms) = postSolution
		{87CD6EEB-4463-4627-950D-CD296089FF4D}.Debug|Any CPU.ActiveCfg = Debug|Any CPU
		{87CD6EEB-4463-4627-950D-CD296089FF4D}.Debug|Any CPU.Build.0 = Debug|Any CPU
		{87CD6EEB-4463-4627-950D-CD296089FF4D}.Release|Any CPU.ActiveCfg = Release|Any CPU
		{87CD6EEB-4463-4627-950D-CD296089FF4D}.Release|Any CPU.Build.0 = Release|Any CPU
	EndGlobalSection
	GlobalSection(SolutionProperties) = preSolution
		HideSolutionNode = FALSE
	EndGlobalSection
	GlobalSection(ExtensibilityGlobals) = postSolution
		SolutionGuid = {D10C46F2-AEA3-4928-BD01-D2172451A035}
	EndGlobalSection
EndGlobal
